// !$*UTF8*$!
{
	archiveVersion = 1;
	classes = {
	};
	objectVersion = 56;
	objects = {

/* Begin PBXBuildFile section */
		6F37EC3A2C69AAE300A66DED /* ScrapStatsViewController.swift in Sources */ = {isa = PBXBuildFile; fileRef = 6F37EC392C69AAE300A66DED /* ScrapStatsViewController.swift */; };
		6F37EC3C2C69C32600A66DED /* MyScrapViewController.swift in Sources */ = {isa = PBXBuildFile; fileRef = 6F37EC3B2C69C32600A66DED /* MyScrapViewController.swift */; };
		6F7BBAF42C6A3242003AB06A /* FirstCellTableViewCell.swift in Sources */ = {isa = PBXBuildFile; fileRef = 6F7BBAF22C6A3242003AB06A /* FirstCellTableViewCell.swift */; };
		6F7BBAF52C6A3242003AB06A /* FirstCellTableViewCell.xib in Resources */ = {isa = PBXBuildFile; fileRef = 6F7BBAF32C6A3242003AB06A /* FirstCellTableViewCell.xib */; };
		6FBA62C62C69CA810028713E /* Scrap_DB_Model.swift in Sources */ = {isa = PBXBuildFile; fileRef = 6FBA62C52C69CA810028713E /* Scrap_DB_Model.swift */; };
		6FD2960B2C663A4A009C1139 /* AlarmViewController.swift in Sources */ = {isa = PBXBuildFile; fileRef = 6FD2960A2C663A4A009C1139 /* AlarmViewController.swift */; };
		6FD2960F2C663E56009C1139 /* SelectViewController.swift in Sources */ = {isa = PBXBuildFile; fileRef = 6FD2960E2C663E56009C1139 /* SelectViewController.swift */; };
		6FD296112C663F9F009C1139 /* RegisterViewController.swift in Sources */ = {isa = PBXBuildFile; fileRef = 6FD296102C663F9F009C1139 /* RegisterViewController.swift */; };
		6FD296132C6640F9009C1139 /* LoginViewController.swift in Sources */ = {isa = PBXBuildFile; fileRef = 6FD296122C6640F9009C1139 /* LoginViewController.swift */; };
		6FD296152C6641D2009C1139 /* EmailVerificationViewController.swift in Sources */ = {isa = PBXBuildFile; fileRef = 6FD296142C6641D2009C1139 /* EmailVerificationViewController.swift */; };
		6FD296172C664267009C1139 /* NewPasswordViewController.swift in Sources */ = {isa = PBXBuildFile; fileRef = 6FD296162C664267009C1139 /* NewPasswordViewController.swift */; };
		6FEA7EBF2C65D18800ADA30B /* Login_Joinin_Model.swift in Sources */ = {isa = PBXBuildFile; fileRef = 6FEA7EBE2C65D18800ADA30B /* Login_Joinin_Model.swift */; };
		2C0966A82C47E4CE005FBA4E /* SettingsViewController.swift in Sources */ = {isa = PBXBuildFile; fileRef = 2C0966A72C47E4CE005FBA4E /* SettingsViewController.swift */; };
		2C33B1C32C5A4CE000000BD2 /* ImprovementsViewController.swift in Sources */ = {isa = PBXBuildFile; fileRef = 2C33B1C22C5A4CE000000BD2 /* ImprovementsViewController.swift */; };
		2C33B1C62C64CA9500000BD2 /* HomeViewController.swift in Sources */ = {isa = PBXBuildFile; fileRef = 2C33B1C52C64CA9500000BD2 /* HomeViewController.swift */; };
		2C33B1C92C64F22700000BD2 /* KeywordBoardViewController.swift in Sources */ = {isa = PBXBuildFile; fileRef = 2C33B1C82C64F22700000BD2 /* KeywordBoardViewController.swift */; };
		2C33B1CC2C64F2FE00000BD2 /* KeywordBoardTableViewCell.swift in Sources */ = {isa = PBXBuildFile; fileRef = 2C33B1CA2C64F2FE00000BD2 /* KeywordBoardTableViewCell.swift */; };
		2C33B1CD2C64F2FE00000BD2 /* KeywordBoardTableViewCell.xib in Resources */ = {isa = PBXBuildFile; fileRef = 2C33B1CB2C64F2FE00000BD2 /* KeywordBoardTableViewCell.xib */; };
		2CC1D8C32C48A45D00561214 /* DaySettingsViewController.swift in Sources */ = {isa = PBXBuildFile; fileRef = 2CC1D8C22C48A45C00561214 /* DaySettingsViewController.swift */; };
		2CC1D8C52C492E9B00561214 /* TimeSettingsViewController.swift in Sources */ = {isa = PBXBuildFile; fileRef = 2CC1D8C42C492E9B00561214 /* TimeSettingsViewController.swift */; };
		9DEBADE52C465AB700A8C8B4 /* AppDelegate.swift in Sources */ = {isa = PBXBuildFile; fileRef = 9DEBADE42C465AB700A8C8B4 /* AppDelegate.swift */; };
		9DEBADE72C465AB700A8C8B4 /* SceneDelegate.swift in Sources */ = {isa = PBXBuildFile; fileRef = 9DEBADE62C465AB700A8C8B4 /* SceneDelegate.swift */; };
		9DEBADE92C465AB700A8C8B4 /* StartViewController.swift in Sources */ = {isa = PBXBuildFile; fileRef = 9DEBADE82C465AB700A8C8B4 /* StartViewController.swift */; };
		9DEBADEC2C465AB700A8C8B4 /* Base in Resources */ = {isa = PBXBuildFile; fileRef = 9DEBADEB2C465AB700A8C8B4 /* Base */; };
		9DEBADEE2C465AB900A8C8B4 /* Assets.xcassets in Resources */ = {isa = PBXBuildFile; fileRef = 9DEBADED2C465AB900A8C8B4 /* Assets.xcassets */; };
		9DEBADF12C465AB900A8C8B4 /* Base in Resources */ = {isa = PBXBuildFile; fileRef = 9DEBADF02C465AB900A8C8B4 /* Base */; };
/* End PBXBuildFile section */

/* Begin PBXFileReference section */
		6F37EC392C69AAE300A66DED /* ScrapStatsViewController.swift */ = {isa = PBXFileReference; lastKnownFileType = sourcecode.swift; path = ScrapStatsViewController.swift; sourceTree = "<group>"; };
		6F37EC3B2C69C32600A66DED /* MyScrapViewController.swift */ = {isa = PBXFileReference; lastKnownFileType = sourcecode.swift; path = MyScrapViewController.swift; sourceTree = "<group>"; };
		6F7BBAF22C6A3242003AB06A /* FirstCellTableViewCell.swift */ = {isa = PBXFileReference; lastKnownFileType = sourcecode.swift; path = FirstCellTableViewCell.swift; sourceTree = "<group>"; };
		6F7BBAF32C6A3242003AB06A /* FirstCellTableViewCell.xib */ = {isa = PBXFileReference; lastKnownFileType = file.xib; path = FirstCellTableViewCell.xib; sourceTree = "<group>"; };
		6FBA62C52C69CA810028713E /* Scrap_DB_Model.swift */ = {isa = PBXFileReference; lastKnownFileType = sourcecode.swift; path = Scrap_DB_Model.swift; sourceTree = "<group>"; };
		6FD2960A2C663A4A009C1139 /* AlarmViewController.swift */ = {isa = PBXFileReference; lastKnownFileType = sourcecode.swift; path = AlarmViewController.swift; sourceTree = "<group>"; };
		6FD2960E2C663E56009C1139 /* SelectViewController.swift */ = {isa = PBXFileReference; lastKnownFileType = sourcecode.swift; path = SelectViewController.swift; sourceTree = "<group>"; };
		6FD296102C663F9F009C1139 /* RegisterViewController.swift */ = {isa = PBXFileReference; lastKnownFileType = sourcecode.swift; path = RegisterViewController.swift; sourceTree = "<group>"; };
		6FD296122C6640F9009C1139 /* LoginViewController.swift */ = {isa = PBXFileReference; lastKnownFileType = sourcecode.swift; path = LoginViewController.swift; sourceTree = "<group>"; };
		6FD296142C6641D2009C1139 /* EmailVerificationViewController.swift */ = {isa = PBXFileReference; lastKnownFileType = sourcecode.swift; path = EmailVerificationViewController.swift; sourceTree = "<group>"; };
		6FD296162C664267009C1139 /* NewPasswordViewController.swift */ = {isa = PBXFileReference; lastKnownFileType = sourcecode.swift; path = NewPasswordViewController.swift; sourceTree = "<group>"; };
		6FEA7EBE2C65D18800ADA30B /* Login_Joinin_Model.swift */ = {isa = PBXFileReference; lastKnownFileType = sourcecode.swift; path = Login_Joinin_Model.swift; sourceTree = "<group>"; };
		2C0966A72C47E4CE005FBA4E /* SettingsViewController.swift */ = {isa = PBXFileReference; lastKnownFileType = sourcecode.swift; path = SettingsViewController.swift; sourceTree = "<group>"; };
		2C33B1C22C5A4CE000000BD2 /* ImprovementsViewController.swift */ = {isa = PBXFileReference; lastKnownFileType = sourcecode.swift; path = ImprovementsViewController.swift; sourceTree = "<group>"; };
		2C33B1C42C5B925000000BD2 /* News-Snap.entitlements */ = {isa = PBXFileReference; lastKnownFileType = text.plist.entitlements; path = "News-Snap.entitlements"; sourceTree = "<group>"; };
		2C33B1C52C64CA9500000BD2 /* HomeViewController.swift */ = {isa = PBXFileReference; lastKnownFileType = sourcecode.swift; path = HomeViewController.swift; sourceTree = "<group>"; };
		2C33B1C82C64F22700000BD2 /* KeywordBoardViewController.swift */ = {isa = PBXFileReference; lastKnownFileType = sourcecode.swift; path = KeywordBoardViewController.swift; sourceTree = "<group>"; };
		2C33B1CA2C64F2FE00000BD2 /* KeywordBoardTableViewCell.swift */ = {isa = PBXFileReference; lastKnownFileType = sourcecode.swift; path = KeywordBoardTableViewCell.swift; sourceTree = "<group>"; };
		2C33B1CB2C64F2FE00000BD2 /* KeywordBoardTableViewCell.xib */ = {isa = PBXFileReference; lastKnownFileType = file.xib; path = KeywordBoardTableViewCell.xib; sourceTree = "<group>"; };
		2CC1D8C22C48A45C00561214 /* DaySettingsViewController.swift */ = {isa = PBXFileReference; lastKnownFileType = sourcecode.swift; path = DaySettingsViewController.swift; sourceTree = "<group>"; };
		2CC1D8C42C492E9B00561214 /* TimeSettingsViewController.swift */ = {isa = PBXFileReference; lastKnownFileType = sourcecode.swift; path = TimeSettingsViewController.swift; sourceTree = "<group>"; };
		9DEBADE12C465AB700A8C8B4 /* News-Snap.app */ = {isa = PBXFileReference; explicitFileType = wrapper.application; includeInIndex = 0; path = "News-Snap.app"; sourceTree = BUILT_PRODUCTS_DIR; };
		9DEBADE42C465AB700A8C8B4 /* AppDelegate.swift */ = {isa = PBXFileReference; lastKnownFileType = sourcecode.swift; path = AppDelegate.swift; sourceTree = "<group>"; };
		9DEBADE62C465AB700A8C8B4 /* SceneDelegate.swift */ = {isa = PBXFileReference; lastKnownFileType = sourcecode.swift; path = SceneDelegate.swift; sourceTree = "<group>"; };
		9DEBADE82C465AB700A8C8B4 /* StartViewController.swift */ = {isa = PBXFileReference; lastKnownFileType = sourcecode.swift; path = StartViewController.swift; sourceTree = "<group>"; };
		9DEBADEB2C465AB700A8C8B4 /* Base */ = {isa = PBXFileReference; lastKnownFileType = file.storyboard; name = Base; path = Base.lproj/Main.storyboard; sourceTree = "<group>"; };
		9DEBADED2C465AB900A8C8B4 /* Assets.xcassets */ = {isa = PBXFileReference; lastKnownFileType = folder.assetcatalog; path = Assets.xcassets; sourceTree = "<group>"; };
		9DEBADF02C465AB900A8C8B4 /* Base */ = {isa = PBXFileReference; lastKnownFileType = file.storyboard; name = Base; path = Base.lproj/LaunchScreen.storyboard; sourceTree = "<group>"; };
		9DEBADF22C465AB900A8C8B4 /* Info.plist */ = {isa = PBXFileReference; lastKnownFileType = text.plist.xml; path = Info.plist; sourceTree = "<group>"; };
/* End PBXFileReference section */

/* Begin PBXFrameworksBuildPhase section */
		9DEBADDE2C465AB700A8C8B4 /* Frameworks */ = {
			isa = PBXFrameworksBuildPhase;
			buildActionMask = 2147483647;
			files = (
			);
			runOnlyForDeploymentPostprocessing = 0;
		};
/* End PBXFrameworksBuildPhase section */

/* Begin PBXGroup section */
		6F37AF772C67766E0079921E /* News-Snap */ = {
			isa = PBXGroup;
			children = (
				6FA20F442C6890C6004D60C5 /* Model */,
				6FA20F452C6890D8004D60C5 /* View */,
				9DEBADE32C465AB700A8C8B4 /* Controller */,
				9DEBADEF2C465AB900A8C8B4 /* LaunchScreen.storyboard */,
				9DEBADE62C465AB700A8C8B4 /* SceneDelegate.swift */,
				9DEBADE42C465AB700A8C8B4 /* AppDelegate.swift */,
				9DEBADED2C465AB900A8C8B4 /* Assets.xcassets */,
				9DEBADF22C465AB900A8C8B4 /* Info.plist */,
			);
			path = "News-Snap";
			sourceTree = "<group>";
		};
		6F37AF7B2C67783A0079921E /* Scrap_DB */ = {
			isa = PBXGroup;
			children = (
				6F37EC3B2C69C32600A66DED /* MyScrapViewController.swift */,
				6F37EC392C69AAE300A66DED /* ScrapStatsViewController.swift */,
				6F7BBAF12C6A31EA003AB06A /* Cell */,
			);
			path = Scrap_DB;
			sourceTree = "<group>";
		};
		6F7BBAF12C6A31EA003AB06A /* Cell */ = {
			isa = PBXGroup;
			children = (
				6F7BBAF22C6A3242003AB06A /* FirstCellTableViewCell.swift */,
				6F7BBAF32C6A3242003AB06A /* FirstCellTableViewCell.xib */,
			);
			path = Cell;
			sourceTree = "<group>";
		};
		6FA20F442C6890C6004D60C5 /* Model */ = {
			isa = PBXGroup;
			children = (
				6FEA7EBE2C65D18800ADA30B /* Login_Joinin_Model.swift */,
				6FBA62C52C69CA810028713E /* Scrap_DB_Model.swift */,
			);
			path = Model;
			sourceTree = "<group>";
		};
		6FA20F452C6890D8004D60C5 /* View */ = {
			isa = PBXGroup;
			children = (
				9DEBADEA2C465AB700A8C8B4 /* Main.storyboard */,
			);
			path = View;
			sourceTree = "<group>";
		};
		6FA20F462C68916C004D60C5 /* Login_Joinin */ = {
			isa = PBXGroup;
			children = (
				9DEBADE82C465AB700A8C8B4 /* StartViewController.swift */,
				6FD2960A2C663A4A009C1139 /* AlarmViewController.swift */,
				6FD2960E2C663E56009C1139 /* SelectViewController.swift */,
				6FD296102C663F9F009C1139 /* RegisterViewController.swift */,
				6FD296122C6640F9009C1139 /* LoginViewController.swift */,
				6FD296142C6641D2009C1139 /* EmailVerificationViewController.swift */,
				6FD296162C664267009C1139 /* NewPasswordViewController.swift */,
			);
			path = Login_Joinin;
		2C33B1C72C64F18600000BD2 /* home */ = {
			isa = PBXGroup;
			children = (
				2C33B1C52C64CA9500000BD2 /* HomeViewController.swift */,
				2C33B1C82C64F22700000BD2 /* KeywordBoardViewController.swift */,
				2C33B1CA2C64F2FE00000BD2 /* KeywordBoardTableViewCell.swift */,
				2C33B1CB2C64F2FE00000BD2 /* KeywordBoardTableViewCell.xib */,
			);
			path = home;
			sourceTree = "<group>";
		};
		2CC1D8C82C492F4800561214 /* settings */ = {
			isa = PBXGroup;
			children = (
				2C0966A72C47E4CE005FBA4E /* SettingsViewController.swift */,
				2CC1D8C22C48A45C00561214 /* DaySettingsViewController.swift */,
				2CC1D8C42C492E9B00561214 /* TimeSettingsViewController.swift */,
				2C33B1C22C5A4CE000000BD2 /* ImprovementsViewController.swift */,
			);
			path = settings;
			sourceTree = "<group>";
		};
		9DEBADD82C465AB700A8C8B4 = {
			isa = PBXGroup;
			children = (
				6F37AF772C67766E0079921E /* News-Snap */,
				9DEBADE22C465AB700A8C8B4 /* Products */,
			);
			sourceTree = "<group>";
		};
		9DEBADE22C465AB700A8C8B4 /* Products */ = {
			isa = PBXGroup;
			children = (
				9DEBADE12C465AB700A8C8B4 /* News-Snap.app */,
			);
			name = Products;
			sourceTree = "<group>";
		};
		9DEBADE32C465AB700A8C8B4 /* Controller */ = {
			isa = PBXGroup;
			children = (
				6FA20F462C68916C004D60C5 /* Login_Joinin */,
				6F37AF7B2C67783A0079921E /* Scrap_DB */,
				2C33B1C42C5B925000000BD2 /* News-Snap.entitlements */,
				2CC1D8C82C492F4800561214 /* settings */,
				2C33B1C72C64F18600000BD2 /* home */,
				9DEBADE42C465AB700A8C8B4 /* AppDelegate.swift */,
				9DEBADE62C465AB700A8C8B4 /* SceneDelegate.swift */,
				9DEBADE82C465AB700A8C8B4 /* ViewController.swift */,
				9DEBADEA2C465AB700A8C8B4 /* Main.storyboard */,
				9DEBADED2C465AB900A8C8B4 /* Assets.xcassets */,
				9DEBADEF2C465AB900A8C8B4 /* LaunchScreen.storyboard */,
				9DEBADF22C465AB900A8C8B4 /* Info.plist */,
			);
			path = Controller;
			sourceTree = "<group>";
		};
/* End PBXGroup section */

/* Begin PBXNativeTarget section */
		9DEBADE02C465AB700A8C8B4 /* News-Snap */ = {
			isa = PBXNativeTarget;
			buildConfigurationList = 9DEBADF52C465AB900A8C8B4 /* Build configuration list for PBXNativeTarget "News-Snap" */;
			buildPhases = (
				9DEBADDD2C465AB700A8C8B4 /* Sources */,
				9DEBADDE2C465AB700A8C8B4 /* Frameworks */,
				9DEBADDF2C465AB700A8C8B4 /* Resources */,
			);
			buildRules = (
			);
			dependencies = (
			);
			name = "News-Snap";
			productName = "News-Snap";
			productReference = 9DEBADE12C465AB700A8C8B4 /* News-Snap.app */;
			productType = "com.apple.product-type.application";
		};
/* End PBXNativeTarget section */

/* Begin PBXProject section */
		9DEBADD92C465AB700A8C8B4 /* Project object */ = {
			isa = PBXProject;
			attributes = {
				BuildIndependentTargetsInParallel = 1;
				LastSwiftUpdateCheck = 1530;
				LastUpgradeCheck = 1530;
				TargetAttributes = {
					9DEBADE02C465AB700A8C8B4 = {
						CreatedOnToolsVersion = 15.3;
					};
				};
			};
			buildConfigurationList = 9DEBADDC2C465AB700A8C8B4 /* Build configuration list for PBXProject "News-Snap" */;
			compatibilityVersion = "Xcode 14.0";
			developmentRegion = en;
			hasScannedForEncodings = 0;
			knownRegions = (
				en,
				Base,
			);
			mainGroup = 9DEBADD82C465AB700A8C8B4;
			productRefGroup = 9DEBADE22C465AB700A8C8B4 /* Products */;
			projectDirPath = "";
			projectRoot = "";
			targets = (
				9DEBADE02C465AB700A8C8B4 /* News-Snap */,
			);
		};
/* End PBXProject section */

/* Begin PBXResourcesBuildPhase section */
		9DEBADDF2C465AB700A8C8B4 /* Resources */ = {
			isa = PBXResourcesBuildPhase;
			buildActionMask = 2147483647;
			files = (
				9DEBADEE2C465AB900A8C8B4 /* Assets.xcassets in Resources */,
				9DEBADF12C465AB900A8C8B4 /* Base in Resources */,
				6F7BBAF52C6A3242003AB06A /* FirstCellTableViewCell.xib in Resources */,
				2C33B1CD2C64F2FE00000BD2 /* KeywordBoardTableViewCell.xib in Resources */,
				9DEBADEC2C465AB700A8C8B4 /* Base in Resources */,
			);
			runOnlyForDeploymentPostprocessing = 0;
		};
/* End PBXResourcesBuildPhase section */

/* Begin PBXSourcesBuildPhase section */
		9DEBADDD2C465AB700A8C8B4 /* Sources */ = {
			isa = PBXSourcesBuildPhase;
			buildActionMask = 2147483647;
			files = (
				6FD2960B2C663A4A009C1139 /* AlarmViewController.swift in Sources */,
				9DEBADE92C465AB700A8C8B4 /* StartViewController.swift in Sources */,
				6FBA62C62C69CA810028713E /* Scrap_DB_Model.swift in Sources */,
				6FD296112C663F9F009C1139 /* RegisterViewController.swift in Sources */,
				6F37EC3A2C69AAE300A66DED /* ScrapStatsViewController.swift in Sources */,
				6F37EC3C2C69C32600A66DED /* MyScrapViewController.swift in Sources */,
				6FEA7EBF2C65D18800ADA30B /* Login_Joinin_Model.swift in Sources */,
				6FD296152C6641D2009C1139 /* EmailVerificationViewController.swift in Sources */,
				6FD296132C6640F9009C1139 /* LoginViewController.swift in Sources */,
				9DEBADE92C465AB700A8C8B4 /* ViewController.swift in Sources */,
				2CC1D8C32C48A45D00561214 /* DaySettingsViewController.swift in Sources */,
				2C33B1CC2C64F2FE00000BD2 /* KeywordBoardTableViewCell.swift in Sources */,
				2CC1D8C52C492E9B00561214 /* TimeSettingsViewController.swift in Sources */,
				2C33B1C62C64CA9500000BD2 /* HomeViewController.swift in Sources */,
				2C33B1C32C5A4CE000000BD2 /* ImprovementsViewController.swift in Sources */,
				9DEBADE52C465AB700A8C8B4 /* AppDelegate.swift in Sources */,
				6F7BBAF42C6A3242003AB06A /* FirstCellTableViewCell.swift in Sources */,
				6FD2960F2C663E56009C1139 /* SelectViewController.swift in Sources */,
				6FD296172C664267009C1139 /* NewPasswordViewController.swift in Sources */,
				9DEBADE72C465AB700A8C8B4 /* SceneDelegate.swift in Sources */,
				2C0966A82C47E4CE005FBA4E /* SettingsViewController.swift in Sources */,
				2C33B1C92C64F22700000BD2 /* KeywordBoardViewController.swift in Sources */,
			);
			runOnlyForDeploymentPostprocessing = 0;
		};
/* End PBXSourcesBuildPhase section */

/* Begin PBXVariantGroup section */
		9DEBADEA2C465AB700A8C8B4 /* Main.storyboard */ = {
			isa = PBXVariantGroup;
			children = (
				9DEBADEB2C465AB700A8C8B4 /* Base */,
			);
			name = Main.storyboard;
			sourceTree = "<group>";
		};
		9DEBADEF2C465AB900A8C8B4 /* LaunchScreen.storyboard */ = {
			isa = PBXVariantGroup;
			children = (
				9DEBADF02C465AB900A8C8B4 /* Base */,
			);
			name = LaunchScreen.storyboard;
			sourceTree = "<group>";
		};
/* End PBXVariantGroup section */

/* Begin XCBuildConfiguration section */
		9DEBADF32C465AB900A8C8B4 /* Debug */ = {
			isa = XCBuildConfiguration;
			buildSettings = {
				ALWAYS_SEARCH_USER_PATHS = NO;
				ASSETCATALOG_COMPILER_GENERATE_SWIFT_ASSET_SYMBOL_EXTENSIONS = YES;
				CLANG_ANALYZER_NONNULL = YES;
				CLANG_ANALYZER_NUMBER_OBJECT_CONVERSION = YES_AGGRESSIVE;
				CLANG_CXX_LANGUAGE_STANDARD = "gnu++20";
				CLANG_ENABLE_MODULES = YES;
				CLANG_ENABLE_OBJC_ARC = YES;
				CLANG_ENABLE_OBJC_WEAK = YES;
				CLANG_WARN_BLOCK_CAPTURE_AUTORELEASING = YES;
				CLANG_WARN_BOOL_CONVERSION = YES;
				CLANG_WARN_COMMA = YES;
				CLANG_WARN_CONSTANT_CONVERSION = YES;
				CLANG_WARN_DEPRECATED_OBJC_IMPLEMENTATIONS = YES;
				CLANG_WARN_DIRECT_OBJC_ISA_USAGE = YES_ERROR;
				CLANG_WARN_DOCUMENTATION_COMMENTS = YES;
				CLANG_WARN_EMPTY_BODY = YES;
				CLANG_WARN_ENUM_CONVERSION = YES;
				CLANG_WARN_INFINITE_RECURSION = YES;
				CLANG_WARN_INT_CONVERSION = YES;
				CLANG_WARN_NON_LITERAL_NULL_CONVERSION = YES;
				CLANG_WARN_OBJC_IMPLICIT_RETAIN_SELF = YES;
				CLANG_WARN_OBJC_LITERAL_CONVERSION = YES;
				CLANG_WARN_OBJC_ROOT_CLASS = YES_ERROR;
				CLANG_WARN_QUOTED_INCLUDE_IN_FRAMEWORK_HEADER = YES;
				CLANG_WARN_RANGE_LOOP_ANALYSIS = YES;
				CLANG_WARN_STRICT_PROTOTYPES = YES;
				CLANG_WARN_SUSPICIOUS_MOVE = YES;
				CLANG_WARN_UNGUARDED_AVAILABILITY = YES_AGGRESSIVE;
				CLANG_WARN_UNREACHABLE_CODE = YES;
				CLANG_WARN__DUPLICATE_METHOD_MATCH = YES;
				COPY_PHASE_STRIP = NO;
				DEBUG_INFORMATION_FORMAT = dwarf;
				ENABLE_STRICT_OBJC_MSGSEND = YES;
				ENABLE_TESTABILITY = YES;
				ENABLE_USER_SCRIPT_SANDBOXING = YES;
				GCC_C_LANGUAGE_STANDARD = gnu17;
				GCC_DYNAMIC_NO_PIC = NO;
				GCC_NO_COMMON_BLOCKS = YES;
				GCC_OPTIMIZATION_LEVEL = 0;
				GCC_PREPROCESSOR_DEFINITIONS = (
					"DEBUG=1",
					"$(inherited)",
				);
				GCC_WARN_64_TO_32_BIT_CONVERSION = YES;
				GCC_WARN_ABOUT_RETURN_TYPE = YES_ERROR;
				GCC_WARN_UNDECLARED_SELECTOR = YES;
				GCC_WARN_UNINITIALIZED_AUTOS = YES_AGGRESSIVE;
				GCC_WARN_UNUSED_FUNCTION = YES;
				GCC_WARN_UNUSED_VARIABLE = YES;
				IPHONEOS_DEPLOYMENT_TARGET = 17.4;
				LOCALIZATION_PREFERS_STRING_CATALOGS = YES;
				MTL_ENABLE_DEBUG_INFO = INCLUDE_SOURCE;
				MTL_FAST_MATH = YES;
				ONLY_ACTIVE_ARCH = YES;
				SDKROOT = iphoneos;
				SWIFT_ACTIVE_COMPILATION_CONDITIONS = "DEBUG $(inherited)";
				SWIFT_OPTIMIZATION_LEVEL = "-Onone";
			};
			name = Debug;
		};
		9DEBADF42C465AB900A8C8B4 /* Release */ = {
			isa = XCBuildConfiguration;
			buildSettings = {
				ALWAYS_SEARCH_USER_PATHS = NO;
				ASSETCATALOG_COMPILER_GENERATE_SWIFT_ASSET_SYMBOL_EXTENSIONS = YES;
				CLANG_ANALYZER_NONNULL = YES;
				CLANG_ANALYZER_NUMBER_OBJECT_CONVERSION = YES_AGGRESSIVE;
				CLANG_CXX_LANGUAGE_STANDARD = "gnu++20";
				CLANG_ENABLE_MODULES = YES;
				CLANG_ENABLE_OBJC_ARC = YES;
				CLANG_ENABLE_OBJC_WEAK = YES;
				CLANG_WARN_BLOCK_CAPTURE_AUTORELEASING = YES;
				CLANG_WARN_BOOL_CONVERSION = YES;
				CLANG_WARN_COMMA = YES;
				CLANG_WARN_CONSTANT_CONVERSION = YES;
				CLANG_WARN_DEPRECATED_OBJC_IMPLEMENTATIONS = YES;
				CLANG_WARN_DIRECT_OBJC_ISA_USAGE = YES_ERROR;
				CLANG_WARN_DOCUMENTATION_COMMENTS = YES;
				CLANG_WARN_EMPTY_BODY = YES;
				CLANG_WARN_ENUM_CONVERSION = YES;
				CLANG_WARN_INFINITE_RECURSION = YES;
				CLANG_WARN_INT_CONVERSION = YES;
				CLANG_WARN_NON_LITERAL_NULL_CONVERSION = YES;
				CLANG_WARN_OBJC_IMPLICIT_RETAIN_SELF = YES;
				CLANG_WARN_OBJC_LITERAL_CONVERSION = YES;
				CLANG_WARN_OBJC_ROOT_CLASS = YES_ERROR;
				CLANG_WARN_QUOTED_INCLUDE_IN_FRAMEWORK_HEADER = YES;
				CLANG_WARN_RANGE_LOOP_ANALYSIS = YES;
				CLANG_WARN_STRICT_PROTOTYPES = YES;
				CLANG_WARN_SUSPICIOUS_MOVE = YES;
				CLANG_WARN_UNGUARDED_AVAILABILITY = YES_AGGRESSIVE;
				CLANG_WARN_UNREACHABLE_CODE = YES;
				CLANG_WARN__DUPLICATE_METHOD_MATCH = YES;
				COPY_PHASE_STRIP = NO;
				DEBUG_INFORMATION_FORMAT = "dwarf-with-dsym";
				ENABLE_NS_ASSERTIONS = NO;
				ENABLE_STRICT_OBJC_MSGSEND = YES;
				ENABLE_USER_SCRIPT_SANDBOXING = YES;
				GCC_C_LANGUAGE_STANDARD = gnu17;
				GCC_NO_COMMON_BLOCKS = YES;
				GCC_WARN_64_TO_32_BIT_CONVERSION = YES;
				GCC_WARN_ABOUT_RETURN_TYPE = YES_ERROR;
				GCC_WARN_UNDECLARED_SELECTOR = YES;
				GCC_WARN_UNINITIALIZED_AUTOS = YES_AGGRESSIVE;
				GCC_WARN_UNUSED_FUNCTION = YES;
				GCC_WARN_UNUSED_VARIABLE = YES;
				IPHONEOS_DEPLOYMENT_TARGET = 17.4;
				LOCALIZATION_PREFERS_STRING_CATALOGS = YES;
				MTL_ENABLE_DEBUG_INFO = NO;
				MTL_FAST_MATH = YES;
				SDKROOT = iphoneos;
				SWIFT_COMPILATION_MODE = wholemodule;
				VALIDATE_PRODUCT = YES;
			};
			name = Release;
		};
		9DEBADF62C465AB900A8C8B4 /* Debug */ = {
			isa = XCBuildConfiguration;
			buildSettings = {
				ASSETCATALOG_COMPILER_APPICON_NAME = AppIcon;
				ASSETCATALOG_COMPILER_GLOBAL_ACCENT_COLOR_NAME = AccentColor;
				CODE_SIGN_ENTITLEMENTS = "News-Snap/News-Snap.entitlements";
				CODE_SIGN_STYLE = Automatic;
				CURRENT_PROJECT_VERSION = 1;
				GENERATE_INFOPLIST_FILE = YES;
				INFOPLIST_FILE = "News-Snap/Info.plist";
				INFOPLIST_KEY_UIApplicationSupportsIndirectInputEvents = YES;
				INFOPLIST_KEY_UILaunchStoryboardName = LaunchScreen;
				INFOPLIST_KEY_UIMainStoryboardFile = Main;
				INFOPLIST_KEY_UISupportedInterfaceOrientations_iPad = "UIInterfaceOrientationPortrait UIInterfaceOrientationPortraitUpsideDown UIInterfaceOrientationLandscapeLeft UIInterfaceOrientationLandscapeRight";
				INFOPLIST_KEY_UISupportedInterfaceOrientations_iPhone = "UIInterfaceOrientationPortrait UIInterfaceOrientationLandscapeLeft UIInterfaceOrientationLandscapeRight";
				LD_RUNPATH_SEARCH_PATHS = (
					"$(inherited)",
					"@executable_path/Frameworks",
				);
				MARKETING_VERSION = 1.0;
				PRODUCT_BUNDLE_IDENTIFIER = "leem-swift.News-Snap";
				PRODUCT_NAME = "$(TARGET_NAME)";
				SWIFT_EMIT_LOC_STRINGS = YES;
				SWIFT_VERSION = 5.0;
				TARGETED_DEVICE_FAMILY = "1,2";
			};
			name = Debug;
		};
		9DEBADF72C465AB900A8C8B4 /* Release */ = {
			isa = XCBuildConfiguration;
			buildSettings = {
				ASSETCATALOG_COMPILER_APPICON_NAME = AppIcon;
				ASSETCATALOG_COMPILER_GLOBAL_ACCENT_COLOR_NAME = AccentColor;
				CODE_SIGN_ENTITLEMENTS = "News-Snap/News-Snap.entitlements";
				CODE_SIGN_STYLE = Automatic;
				CURRENT_PROJECT_VERSION = 1;
				GENERATE_INFOPLIST_FILE = YES;
				INFOPLIST_FILE = "News-Snap/Info.plist";
				INFOPLIST_KEY_UIApplicationSupportsIndirectInputEvents = YES;
				INFOPLIST_KEY_UILaunchStoryboardName = LaunchScreen;
				INFOPLIST_KEY_UIMainStoryboardFile = Main;
				INFOPLIST_KEY_UISupportedInterfaceOrientations_iPad = "UIInterfaceOrientationPortrait UIInterfaceOrientationPortraitUpsideDown UIInterfaceOrientationLandscapeLeft UIInterfaceOrientationLandscapeRight";
				INFOPLIST_KEY_UISupportedInterfaceOrientations_iPhone = "UIInterfaceOrientationPortrait UIInterfaceOrientationLandscapeLeft UIInterfaceOrientationLandscapeRight";
				LD_RUNPATH_SEARCH_PATHS = (
					"$(inherited)",
					"@executable_path/Frameworks",
				);
				MARKETING_VERSION = 1.0;
				PRODUCT_BUNDLE_IDENTIFIER = "leem-swift.News-Snap";
				PRODUCT_NAME = "$(TARGET_NAME)";
				SWIFT_EMIT_LOC_STRINGS = YES;
				SWIFT_VERSION = 5.0;
				TARGETED_DEVICE_FAMILY = "1,2";
			};
			name = Release;
		};
/* End XCBuildConfiguration section */

/* Begin XCConfigurationList section */
		9DEBADDC2C465AB700A8C8B4 /* Build configuration list for PBXProject "News-Snap" */ = {
			isa = XCConfigurationList;
			buildConfigurations = (
				9DEBADF32C465AB900A8C8B4 /* Debug */,
				9DEBADF42C465AB900A8C8B4 /* Release */,
			);
			defaultConfigurationIsVisible = 0;
			defaultConfigurationName = Release;
		};
		9DEBADF52C465AB900A8C8B4 /* Build configuration list for PBXNativeTarget "News-Snap" */ = {
			isa = XCConfigurationList;
			buildConfigurations = (
				9DEBADF62C465AB900A8C8B4 /* Debug */,
				9DEBADF72C465AB900A8C8B4 /* Release */,
			);
			defaultConfigurationIsVisible = 0;
			defaultConfigurationName = Release;
		};
/* End XCConfigurationList section */
	};
	rootObject = 9DEBADD92C465AB700A8C8B4 /* Project object */;
}
