// !$*UTF8*$!
{
	archiveVersion = 1;
	classes = {
	};
	objectVersion = 56;
	objects = {

/* Begin PBXBuildFile section */
		2C0966A82C47E4CE005FBA4E /* SettingsViewController.swift in Sources */ = {isa = PBXBuildFile; fileRef = 2C0966A72C47E4CE005FBA4E /* SettingsViewController.swift */; };
		2C33B1C32C5A4CE000000BD2 /* ImprovementsViewController.swift in Sources */ = {isa = PBXBuildFile; fileRef = 2C33B1C22C5A4CE000000BD2 /* ImprovementsViewController.swift */; };
		2C33B1C62C64CA9500000BD2 /* HomeViewController.swift in Sources */ = {isa = PBXBuildFile; fileRef = 2C33B1C52C64CA9500000BD2 /* HomeViewController.swift */; };
		2C33B1C92C64F22700000BD2 /* KeywordBoardViewController.swift in Sources */ = {isa = PBXBuildFile; fileRef = 2C33B1C82C64F22700000BD2 /* KeywordBoardViewController.swift */; };
		2C33B1CC2C64F2FE00000BD2 /* KeywordBoardTableViewCell.swift in Sources */ = {isa = PBXBuildFile; fileRef = 2C33B1CA2C64F2FE00000BD2 /* KeywordBoardTableViewCell.swift */; };
		2C33B1CD2C64F2FE00000BD2 /* KeywordBoardTableViewCell.xib in Resources */ = {isa = PBXBuildFile; fileRef = 2C33B1CB2C64F2FE00000BD2 /* KeywordBoardTableViewCell.xib */; };
		2C68AE372C70597900319406 /* ContentsViewController.swift in Sources */ = {isa = PBXBuildFile; fileRef = 2C68AE362C70597900319406 /* ContentsViewController.swift */; };
		2C68AE452C70864F00319406 /* AttachmentFileModalViewController.swift in Sources */ = {isa = PBXBuildFile; fileRef = 2C68AE392C70864F00319406 /* AttachmentFileModalViewController.swift */; };
		2C68AE462C70864F00319406 /* CreateScrapViewController.swift in Sources */ = {isa = PBXBuildFile; fileRef = 2C68AE3A2C70864F00319406 /* CreateScrapViewController.swift */; };
		2C68AE472C70864F00319406 /* ReferenceLinkModalViewController.swift in Sources */ = {isa = PBXBuildFile; fileRef = 2C68AE3B2C70864F00319406 /* ReferenceLinkModalViewController.swift */; };
		2C68AE482C70864F00319406 /* ScrapSearchByDateViewController.swift in Sources */ = {isa = PBXBuildFile; fileRef = 2C68AE3C2C70864F00319406 /* ScrapSearchByDateViewController.swift */; };
		2C68AE492C70864F00319406 /* Scrap.swift in Sources */ = {isa = PBXBuildFile; fileRef = 2C68AE3E2C70864F00319406 /* Scrap.swift */; };
		2C68AE4A2C70864F00319406 /* AttachmentFileTableViewCell.swift in Sources */ = {isa = PBXBuildFile; fileRef = 2C68AE402C70864F00319406 /* AttachmentFileTableViewCell.swift */; };
		2C68AE4B2C70864F00319406 /* AttachmentFileTableViewCell.xib in Resources */ = {isa = PBXBuildFile; fileRef = 2C68AE412C70864F00319406 /* AttachmentFileTableViewCell.xib */; };
		2C68AE4C2C70864F00319406 /* ReferenceLinklTableViewCell.swift in Sources */ = {isa = PBXBuildFile; fileRef = 2C68AE422C70864F00319406 /* ReferenceLinklTableViewCell.swift */; };
		2C68AE4D2C70864F00319406 /* ReferenceLinklTableViewCell.xib in Resources */ = {isa = PBXBuildFile; fileRef = 2C68AE432C70864F00319406 /* ReferenceLinklTableViewCell.xib */; };
		2C68AE4F2C70868100319406 /* popularStocks.swift in Sources */ = {isa = PBXBuildFile; fileRef = 2C68AE4E2C70868100319406 /* popularStocks.swift */; };
		2CC1D8C32C48A45D00561214 /* DaySettingsViewController.swift in Sources */ = {isa = PBXBuildFile; fileRef = 2CC1D8C22C48A45C00561214 /* DaySettingsViewController.swift */; };
		2CC1D8C52C492E9B00561214 /* TimeSettingsViewController.swift in Sources */ = {isa = PBXBuildFile; fileRef = 2CC1D8C42C492E9B00561214 /* TimeSettingsViewController.swift */; };
		9DEBADE52C465AB700A8C8B4 /* AppDelegate.swift in Sources */ = {isa = PBXBuildFile; fileRef = 9DEBADE42C465AB700A8C8B4 /* AppDelegate.swift */; };
		9DEBADE72C465AB700A8C8B4 /* SceneDelegate.swift in Sources */ = {isa = PBXBuildFile; fileRef = 9DEBADE62C465AB700A8C8B4 /* SceneDelegate.swift */; };
		9DEBADE92C465AB700A8C8B4 /* ViewController.swift in Sources */ = {isa = PBXBuildFile; fileRef = 9DEBADE82C465AB700A8C8B4 /* ViewController.swift */; };
		9DEBADEC2C465AB700A8C8B4 /* Base in Resources */ = {isa = PBXBuildFile; fileRef = 9DEBADEB2C465AB700A8C8B4 /* Base */; };
		9DEBADEE2C465AB900A8C8B4 /* Assets.xcassets in Resources */ = {isa = PBXBuildFile; fileRef = 9DEBADED2C465AB900A8C8B4 /* Assets.xcassets */; };
		9DEBADF12C465AB900A8C8B4 /* Base in Resources */ = {isa = PBXBuildFile; fileRef = 9DEBADF02C465AB900A8C8B4 /* Base */; };
/* End PBXBuildFile section */

/* Begin PBXFileReference section */
		2C0966A72C47E4CE005FBA4E /* SettingsViewController.swift */ = {isa = PBXFileReference; lastKnownFileType = sourcecode.swift; path = SettingsViewController.swift; sourceTree = "<group>"; };
		2C33B1C22C5A4CE000000BD2 /* ImprovementsViewController.swift */ = {isa = PBXFileReference; lastKnownFileType = sourcecode.swift; path = ImprovementsViewController.swift; sourceTree = "<group>"; };
		2C33B1C42C5B925000000BD2 /* News-Snap.entitlements */ = {isa = PBXFileReference; lastKnownFileType = text.plist.entitlements; path = "News-Snap.entitlements"; sourceTree = "<group>"; };
		2C33B1C52C64CA9500000BD2 /* HomeViewController.swift */ = {isa = PBXFileReference; lastKnownFileType = sourcecode.swift; path = HomeViewController.swift; sourceTree = "<group>"; };
		2C33B1C82C64F22700000BD2 /* KeywordBoardViewController.swift */ = {isa = PBXFileReference; lastKnownFileType = sourcecode.swift; path = KeywordBoardViewController.swift; sourceTree = "<group>"; };
		2C33B1CA2C64F2FE00000BD2 /* KeywordBoardTableViewCell.swift */ = {isa = PBXFileReference; lastKnownFileType = sourcecode.swift; path = KeywordBoardTableViewCell.swift; sourceTree = "<group>"; };
		2C33B1CB2C64F2FE00000BD2 /* KeywordBoardTableViewCell.xib */ = {isa = PBXFileReference; lastKnownFileType = file.xib; path = KeywordBoardTableViewCell.xib; sourceTree = "<group>"; };
		2C68AE362C70597900319406 /* ContentsViewController.swift */ = {isa = PBXFileReference; lastKnownFileType = sourcecode.swift; path = ContentsViewController.swift; sourceTree = "<group>"; };
		2C68AE392C70864F00319406 /* AttachmentFileModalViewController.swift */ = {isa = PBXFileReference; fileEncoding = 4; lastKnownFileType = sourcecode.swift; path = AttachmentFileModalViewController.swift; sourceTree = "<group>"; };
		2C68AE3A2C70864F00319406 /* CreateScrapViewController.swift */ = {isa = PBXFileReference; fileEncoding = 4; lastKnownFileType = sourcecode.swift; path = CreateScrapViewController.swift; sourceTree = "<group>"; };
		2C68AE3B2C70864F00319406 /* ReferenceLinkModalViewController.swift */ = {isa = PBXFileReference; fileEncoding = 4; lastKnownFileType = sourcecode.swift; path = ReferenceLinkModalViewController.swift; sourceTree = "<group>"; };
		2C68AE3C2C70864F00319406 /* ScrapSearchByDateViewController.swift */ = {isa = PBXFileReference; fileEncoding = 4; lastKnownFileType = sourcecode.swift; path = ScrapSearchByDateViewController.swift; sourceTree = "<group>"; };
		2C68AE3E2C70864F00319406 /* Scrap.swift */ = {isa = PBXFileReference; fileEncoding = 4; lastKnownFileType = sourcecode.swift; path = Scrap.swift; sourceTree = "<group>"; };
		2C68AE402C70864F00319406 /* AttachmentFileTableViewCell.swift */ = {isa = PBXFileReference; fileEncoding = 4; lastKnownFileType = sourcecode.swift; path = AttachmentFileTableViewCell.swift; sourceTree = "<group>"; };
		2C68AE412C70864F00319406 /* AttachmentFileTableViewCell.xib */ = {isa = PBXFileReference; fileEncoding = 4; lastKnownFileType = file.xib; path = AttachmentFileTableViewCell.xib; sourceTree = "<group>"; };
		2C68AE422C70864F00319406 /* ReferenceLinklTableViewCell.swift */ = {isa = PBXFileReference; fileEncoding = 4; lastKnownFileType = sourcecode.swift; path = ReferenceLinklTableViewCell.swift; sourceTree = "<group>"; };
		2C68AE432C70864F00319406 /* ReferenceLinklTableViewCell.xib */ = {isa = PBXFileReference; fileEncoding = 4; lastKnownFileType = file.xib; path = ReferenceLinklTableViewCell.xib; sourceTree = "<group>"; };
		2C68AE4E2C70868100319406 /* popularStocks.swift */ = {isa = PBXFileReference; lastKnownFileType = sourcecode.swift; path = popularStocks.swift; sourceTree = "<group>"; };
		2CC1D8C22C48A45C00561214 /* DaySettingsViewController.swift */ = {isa = PBXFileReference; lastKnownFileType = sourcecode.swift; path = DaySettingsViewController.swift; sourceTree = "<group>"; };
		2CC1D8C42C492E9B00561214 /* TimeSettingsViewController.swift */ = {isa = PBXFileReference; lastKnownFileType = sourcecode.swift; path = TimeSettingsViewController.swift; sourceTree = "<group>"; };
		9DEBADE12C465AB700A8C8B4 /* News-Snap.app */ = {isa = PBXFileReference; explicitFileType = wrapper.application; includeInIndex = 0; path = "News-Snap.app"; sourceTree = BUILT_PRODUCTS_DIR; };
		9DEBADE42C465AB700A8C8B4 /* AppDelegate.swift */ = {isa = PBXFileReference; lastKnownFileType = sourcecode.swift; path = AppDelegate.swift; sourceTree = "<group>"; };
		9DEBADE62C465AB700A8C8B4 /* SceneDelegate.swift */ = {isa = PBXFileReference; lastKnownFileType = sourcecode.swift; path = SceneDelegate.swift; sourceTree = "<group>"; };
		9DEBADE82C465AB700A8C8B4 /* ViewController.swift */ = {isa = PBXFileReference; lastKnownFileType = sourcecode.swift; path = ViewController.swift; sourceTree = "<group>"; };
		9DEBADEB2C465AB700A8C8B4 /* Base */ = {isa = PBXFileReference; lastKnownFileType = file.storyboard; name = Base; path = Base.lproj/Main.storyboard; sourceTree = "<group>"; };
		9DEBADED2C465AB900A8C8B4 /* Assets.xcassets */ = {isa = PBXFileReference; lastKnownFileType = folder.assetcatalog; path = Assets.xcassets; sourceTree = "<group>"; };
		9DEBADF02C465AB900A8C8B4 /* Base */ = {isa = PBXFileReference; lastKnownFileType = file.storyboard; name = Base; path = Base.lproj/LaunchScreen.storyboard; sourceTree = "<group>"; };
		9DEBADF22C465AB900A8C8B4 /* Info.plist */ = {isa = PBXFileReference; lastKnownFileType = text.plist.xml; path = Info.plist; sourceTree = "<group>"; };
/* End PBXFileReference section */

/* Begin PBXFrameworksBuildPhase section */
		9DEBADDE2C465AB700A8C8B4 /* Frameworks */ = {
			isa = PBXFrameworksBuildPhase;
			buildActionMask = 2147483647;
			files = (
			);
			runOnlyForDeploymentPostprocessing = 0;
		};
/* End PBXFrameworksBuildPhase section */

/* Begin PBXGroup section */
		2C33B1C72C64F18600000BD2 /* home */ = {
			isa = PBXGroup;
			children = (
				2C68AE3F2C70864F00319406 /* Model */,
				2C33B1C52C64CA9500000BD2 /* HomeViewController.swift */,
				2C33B1C82C64F22700000BD2 /* KeywordBoardViewController.swift */,
				2C33B1CA2C64F2FE00000BD2 /* KeywordBoardTableViewCell.swift */,
				2C33B1CB2C64F2FE00000BD2 /* KeywordBoardTableViewCell.xib */,
			);
			path = home;
			sourceTree = "<group>";
		};
		2C68AE352C70593E00319406 /* Contents */ = {
			isa = PBXGroup;
			children = (
				2C68AE362C70597900319406 /* ContentsViewController.swift */,
			);
			path = Contents;
			sourceTree = "<group>";
		};
		2C68AE3D2C70864F00319406 /* Create-Scrap */ = {
			isa = PBXGroup;
			children = (
				2C68AE392C70864F00319406 /* AttachmentFileModalViewController.swift */,
				2C68AE3A2C70864F00319406 /* CreateScrapViewController.swift */,
				2C68AE3B2C70864F00319406 /* ReferenceLinkModalViewController.swift */,
				2C68AE3C2C70864F00319406 /* ScrapSearchByDateViewController.swift */,
			);
			name = "Create-Scrap";
			path = "News-Snap/Create-Scrap";
			sourceTree = SOURCE_ROOT;
		};
		2C68AE3F2C70864F00319406 /* Model */ = {
			isa = PBXGroup;
			children = (
				2C68AE3E2C70864F00319406 /* Scrap.swift */,
				2C68AE4E2C70868100319406 /* popularStocks.swift */,
			);
			name = Model;
			path = "News-Snap/home/Model";
			sourceTree = SOURCE_ROOT;
		};
		2C68AE442C70864F00319406 /* ScrapCell */ = {
			isa = PBXGroup;
			children = (
				2C68AE402C70864F00319406 /* AttachmentFileTableViewCell.swift */,
				2C68AE412C70864F00319406 /* AttachmentFileTableViewCell.xib */,
				2C68AE422C70864F00319406 /* ReferenceLinklTableViewCell.swift */,
				2C68AE432C70864F00319406 /* ReferenceLinklTableViewCell.xib */,
			);
			name = ScrapCell;
			path = "News-Snap/ScrapCell";
			sourceTree = SOURCE_ROOT;
		};
		2CC1D8C82C492F4800561214 /* settings */ = {
			isa = PBXGroup;
			children = (
				2C0966A72C47E4CE005FBA4E /* SettingsViewController.swift */,
				2CC1D8C22C48A45C00561214 /* DaySettingsViewController.swift */,
				2CC1D8C42C492E9B00561214 /* TimeSettingsViewController.swift */,
				2C33B1C22C5A4CE000000BD2 /* ImprovementsViewController.swift */,
			);
			path = settings;
			sourceTree = "<group>";
		};
		9DEBADD82C465AB700A8C8B4 = {
			isa = PBXGroup;
			children = (
				9DEBADE32C465AB700A8C8B4 /* News-Snap */,
				9DEBADE22C465AB700A8C8B4 /* Products */,
			);
			sourceTree = "<group>";
		};
		9DEBADE22C465AB700A8C8B4 /* Products */ = {
			isa = PBXGroup;
			children = (
				9DEBADE12C465AB700A8C8B4 /* News-Snap.app */,
			);
			name = Products;
			sourceTree = "<group>";
		};
		9DEBADE32C465AB700A8C8B4 /* News-Snap */ = {
			isa = PBXGroup;
			children = (
				2C33B1C42C5B925000000BD2 /* News-Snap.entitlements */,
				2CC1D8C82C492F4800561214 /* settings */,
				2C68AE352C70593E00319406 /* Contents */,
				2C33B1C72C64F18600000BD2 /* home */,
				2C68AE442C70864F00319406 /* ScrapCell */,
				2C68AE3D2C70864F00319406 /* Create-Scrap */,
				9DEBADE42C465AB700A8C8B4 /* AppDelegate.swift */,
				9DEBADE62C465AB700A8C8B4 /* SceneDelegate.swift */,
				9DEBADE82C465AB700A8C8B4 /* ViewController.swift */,
				9DEBADEA2C465AB700A8C8B4 /* Main.storyboard */,
				9DEBADED2C465AB900A8C8B4 /* Assets.xcassets */,
				9DEBADEF2C465AB900A8C8B4 /* LaunchScreen.storyboard */,
				9DEBADF22C465AB900A8C8B4 /* Info.plist */,
			);
			path = "News-Snap";
			sourceTree = "<group>";
		};
/* End PBXGroup section */

/* Begin PBXNativeTarget section */
		9DEBADE02C465AB700A8C8B4 /* News-Snap */ = {
			isa = PBXNativeTarget;
			buildConfigurationList = 9DEBADF52C465AB900A8C8B4 /* Build configuration list for PBXNativeTarget "News-Snap" */;
			buildPhases = (
				9DEBADDD2C465AB700A8C8B4 /* Sources */,
				9DEBADDE2C465AB700A8C8B4 /* Frameworks */,
				9DEBADDF2C465AB700A8C8B4 /* Resources */,
			);
			buildRules = (
			);
			dependencies = (
			);
			name = "News-Snap";
			productName = "News-Snap";
			productReference = 9DEBADE12C465AB700A8C8B4 /* News-Snap.app */;
			productType = "com.apple.product-type.application";
		};
/* End PBXNativeTarget section */

/* Begin PBXProject section */
		9DEBADD92C465AB700A8C8B4 /* Project object */ = {
			isa = PBXProject;
			attributes = {
				BuildIndependentTargetsInParallel = 1;
				LastSwiftUpdateCheck = 1530;
				LastUpgradeCheck = 1530;
				TargetAttributes = {
					9DEBADE02C465AB700A8C8B4 = {
						CreatedOnToolsVersion = 15.3;
					};
				};
			};
			buildConfigurationList = 9DEBADDC2C465AB700A8C8B4 /* Build configuration list for PBXProject "News-Snap" */;
			compatibilityVersion = "Xcode 14.0";
			developmentRegion = en;
			hasScannedForEncodings = 0;
			knownRegions = (
				en,
				Base,
			);
			mainGroup = 9DEBADD82C465AB700A8C8B4;
			productRefGroup = 9DEBADE22C465AB700A8C8B4 /* Products */;
			projectDirPath = "";
			projectRoot = "";
			targets = (
				9DEBADE02C465AB700A8C8B4 /* News-Snap */,
			);
		};
/* End PBXProject section */

/* Begin PBXResourcesBuildPhase section */
		9DEBADDF2C465AB700A8C8B4 /* Resources */ = {
			isa = PBXResourcesBuildPhase;
			buildActionMask = 2147483647;
			files = (
				9DEBADEE2C465AB900A8C8B4 /* Assets.xcassets in Resources */,
				2C68AE4B2C70864F00319406 /* AttachmentFileTableViewCell.xib in Resources */,
				9DEBADF12C465AB900A8C8B4 /* Base in Resources */,
				2C33B1CD2C64F2FE00000BD2 /* KeywordBoardTableViewCell.xib in Resources */,
				2C68AE4D2C70864F00319406 /* ReferenceLinklTableViewCell.xib in Resources */,
				9DEBADEC2C465AB700A8C8B4 /* Base in Resources */,
			);
			runOnlyForDeploymentPostprocessing = 0;
		};
/* End PBXResourcesBuildPhase section */

/* Begin PBXSourcesBuildPhase section */
		9DEBADDD2C465AB700A8C8B4 /* Sources */ = {
			isa = PBXSourcesBuildPhase;
			buildActionMask = 2147483647;
			files = (
				9DEBADE92C465AB700A8C8B4 /* ViewController.swift in Sources */,
				2C68AE372C70597900319406 /* ContentsViewController.swift in Sources */,
				2C68AE472C70864F00319406 /* ReferenceLinkModalViewController.swift in Sources */,
				2CC1D8C32C48A45D00561214 /* DaySettingsViewController.swift in Sources */,
				2C68AE462C70864F00319406 /* CreateScrapViewController.swift in Sources */,
				2C33B1CC2C64F2FE00000BD2 /* KeywordBoardTableViewCell.swift in Sources */,
				2C68AE4C2C70864F00319406 /* ReferenceLinklTableViewCell.swift in Sources */,
				2CC1D8C52C492E9B00561214 /* TimeSettingsViewController.swift in Sources */,
				2C33B1C62C64CA9500000BD2 /* HomeViewController.swift in Sources */,
				2C33B1C32C5A4CE000000BD2 /* ImprovementsViewController.swift in Sources */,
				2C68AE4F2C70868100319406 /* popularStocks.swift in Sources */,
				9DEBADE52C465AB700A8C8B4 /* AppDelegate.swift in Sources */,
				2C68AE482C70864F00319406 /* ScrapSearchByDateViewController.swift in Sources */,
				2C68AE4A2C70864F00319406 /* AttachmentFileTableViewCell.swift in Sources */,
				9DEBADE72C465AB700A8C8B4 /* SceneDelegate.swift in Sources */,
				2C0966A82C47E4CE005FBA4E /* SettingsViewController.swift in Sources */,
				2C33B1C92C64F22700000BD2 /* KeywordBoardViewController.swift in Sources */,
				2C68AE452C70864F00319406 /* AttachmentFileModalViewController.swift in Sources */,
				2C68AE492C70864F00319406 /* Scrap.swift in Sources */,
			);
			runOnlyForDeploymentPostprocessing = 0;
		};
/* End PBXSourcesBuildPhase section */

/* Begin PBXVariantGroup section */
		9DEBADEA2C465AB700A8C8B4 /* Main.storyboard */ = {
			isa = PBXVariantGroup;
			children = (
				9DEBADEB2C465AB700A8C8B4 /* Base */,
			);
			name = Main.storyboard;
			sourceTree = "<group>";
		};
		9DEBADEF2C465AB900A8C8B4 /* LaunchScreen.storyboard */ = {
			isa = PBXVariantGroup;
			children = (
				9DEBADF02C465AB900A8C8B4 /* Base */,
			);
			name = LaunchScreen.storyboard;
			sourceTree = "<group>";
		};
/* End PBXVariantGroup section */

/* Begin XCBuildConfiguration section */
		9DEBADF32C465AB900A8C8B4 /* Debug */ = {
			isa = XCBuildConfiguration;
			buildSettings = {
				ALWAYS_SEARCH_USER_PATHS = NO;
				ASSETCATALOG_COMPILER_GENERATE_SWIFT_ASSET_SYMBOL_EXTENSIONS = YES;
				CLANG_ANALYZER_NONNULL = YES;
				CLANG_ANALYZER_NUMBER_OBJECT_CONVERSION = YES_AGGRESSIVE;
				CLANG_CXX_LANGUAGE_STANDARD = "gnu++20";
				CLANG_ENABLE_MODULES = YES;
				CLANG_ENABLE_OBJC_ARC = YES;
				CLANG_ENABLE_OBJC_WEAK = YES;
				CLANG_WARN_BLOCK_CAPTURE_AUTORELEASING = YES;
				CLANG_WARN_BOOL_CONVERSION = YES;
				CLANG_WARN_COMMA = YES;
				CLANG_WARN_CONSTANT_CONVERSION = YES;
				CLANG_WARN_DEPRECATED_OBJC_IMPLEMENTATIONS = YES;
				CLANG_WARN_DIRECT_OBJC_ISA_USAGE = YES_ERROR;
				CLANG_WARN_DOCUMENTATION_COMMENTS = YES;
				CLANG_WARN_EMPTY_BODY = YES;
				CLANG_WARN_ENUM_CONVERSION = YES;
				CLANG_WARN_INFINITE_RECURSION = YES;
				CLANG_WARN_INT_CONVERSION = YES;
				CLANG_WARN_NON_LITERAL_NULL_CONVERSION = YES;
				CLANG_WARN_OBJC_IMPLICIT_RETAIN_SELF = YES;
				CLANG_WARN_OBJC_LITERAL_CONVERSION = YES;
				CLANG_WARN_OBJC_ROOT_CLASS = YES_ERROR;
				CLANG_WARN_QUOTED_INCLUDE_IN_FRAMEWORK_HEADER = YES;
				CLANG_WARN_RANGE_LOOP_ANALYSIS = YES;
				CLANG_WARN_STRICT_PROTOTYPES = YES;
				CLANG_WARN_SUSPICIOUS_MOVE = YES;
				CLANG_WARN_UNGUARDED_AVAILABILITY = YES_AGGRESSIVE;
				CLANG_WARN_UNREACHABLE_CODE = YES;
				CLANG_WARN__DUPLICATE_METHOD_MATCH = YES;
				COPY_PHASE_STRIP = NO;
				DEBUG_INFORMATION_FORMAT = dwarf;
				ENABLE_STRICT_OBJC_MSGSEND = YES;
				ENABLE_TESTABILITY = YES;
				ENABLE_USER_SCRIPT_SANDBOXING = YES;
				GCC_C_LANGUAGE_STANDARD = gnu17;
				GCC_DYNAMIC_NO_PIC = NO;
				GCC_NO_COMMON_BLOCKS = YES;
				GCC_OPTIMIZATION_LEVEL = 0;
				GCC_PREPROCESSOR_DEFINITIONS = (
					"DEBUG=1",
					"$(inherited)",
				);
				GCC_WARN_64_TO_32_BIT_CONVERSION = YES;
				GCC_WARN_ABOUT_RETURN_TYPE = YES_ERROR;
				GCC_WARN_UNDECLARED_SELECTOR = YES;
				GCC_WARN_UNINITIALIZED_AUTOS = YES_AGGRESSIVE;
				GCC_WARN_UNUSED_FUNCTION = YES;
				GCC_WARN_UNUSED_VARIABLE = YES;
				IPHONEOS_DEPLOYMENT_TARGET = 17.4;
				LOCALIZATION_PREFERS_STRING_CATALOGS = YES;
				MTL_ENABLE_DEBUG_INFO = INCLUDE_SOURCE;
				MTL_FAST_MATH = YES;
				ONLY_ACTIVE_ARCH = YES;
				SDKROOT = iphoneos;
				SWIFT_ACTIVE_COMPILATION_CONDITIONS = "DEBUG $(inherited)";
				SWIFT_OPTIMIZATION_LEVEL = "-Onone";
			};
			name = Debug;
		};
		9DEBADF42C465AB900A8C8B4 /* Release */ = {
			isa = XCBuildConfiguration;
			buildSettings = {
				ALWAYS_SEARCH_USER_PATHS = NO;
				ASSETCATALOG_COMPILER_GENERATE_SWIFT_ASSET_SYMBOL_EXTENSIONS = YES;
				CLANG_ANALYZER_NONNULL = YES;
				CLANG_ANALYZER_NUMBER_OBJECT_CONVERSION = YES_AGGRESSIVE;
				CLANG_CXX_LANGUAGE_STANDARD = "gnu++20";
				CLANG_ENABLE_MODULES = YES;
				CLANG_ENABLE_OBJC_ARC = YES;
				CLANG_ENABLE_OBJC_WEAK = YES;
				CLANG_WARN_BLOCK_CAPTURE_AUTORELEASING = YES;
				CLANG_WARN_BOOL_CONVERSION = YES;
				CLANG_WARN_COMMA = YES;
				CLANG_WARN_CONSTANT_CONVERSION = YES;
				CLANG_WARN_DEPRECATED_OBJC_IMPLEMENTATIONS = YES;
				CLANG_WARN_DIRECT_OBJC_ISA_USAGE = YES_ERROR;
				CLANG_WARN_DOCUMENTATION_COMMENTS = YES;
				CLANG_WARN_EMPTY_BODY = YES;
				CLANG_WARN_ENUM_CONVERSION = YES;
				CLANG_WARN_INFINITE_RECURSION = YES;
				CLANG_WARN_INT_CONVERSION = YES;
				CLANG_WARN_NON_LITERAL_NULL_CONVERSION = YES;
				CLANG_WARN_OBJC_IMPLICIT_RETAIN_SELF = YES;
				CLANG_WARN_OBJC_LITERAL_CONVERSION = YES;
				CLANG_WARN_OBJC_ROOT_CLASS = YES_ERROR;
				CLANG_WARN_QUOTED_INCLUDE_IN_FRAMEWORK_HEADER = YES;
				CLANG_WARN_RANGE_LOOP_ANALYSIS = YES;
				CLANG_WARN_STRICT_PROTOTYPES = YES;
				CLANG_WARN_SUSPICIOUS_MOVE = YES;
				CLANG_WARN_UNGUARDED_AVAILABILITY = YES_AGGRESSIVE;
				CLANG_WARN_UNREACHABLE_CODE = YES;
				CLANG_WARN__DUPLICATE_METHOD_MATCH = YES;
				COPY_PHASE_STRIP = NO;
				DEBUG_INFORMATION_FORMAT = "dwarf-with-dsym";
				ENABLE_NS_ASSERTIONS = NO;
				ENABLE_STRICT_OBJC_MSGSEND = YES;
				ENABLE_USER_SCRIPT_SANDBOXING = YES;
				GCC_C_LANGUAGE_STANDARD = gnu17;
				GCC_NO_COMMON_BLOCKS = YES;
				GCC_WARN_64_TO_32_BIT_CONVERSION = YES;
				GCC_WARN_ABOUT_RETURN_TYPE = YES_ERROR;
				GCC_WARN_UNDECLARED_SELECTOR = YES;
				GCC_WARN_UNINITIALIZED_AUTOS = YES_AGGRESSIVE;
				GCC_WARN_UNUSED_FUNCTION = YES;
				GCC_WARN_UNUSED_VARIABLE = YES;
				IPHONEOS_DEPLOYMENT_TARGET = 17.4;
				LOCALIZATION_PREFERS_STRING_CATALOGS = YES;
				MTL_ENABLE_DEBUG_INFO = NO;
				MTL_FAST_MATH = YES;
				SDKROOT = iphoneos;
				SWIFT_COMPILATION_MODE = wholemodule;
				VALIDATE_PRODUCT = YES;
			};
			name = Release;
		};
		9DEBADF62C465AB900A8C8B4 /* Debug */ = {
			isa = XCBuildConfiguration;
			buildSettings = {
				ASSETCATALOG_COMPILER_APPICON_NAME = AppIcon;
				ASSETCATALOG_COMPILER_GLOBAL_ACCENT_COLOR_NAME = AccentColor;
				CODE_SIGN_ENTITLEMENTS = "News-Snap/News-Snap.entitlements";
				CODE_SIGN_STYLE = Automatic;
				CURRENT_PROJECT_VERSION = 1;
				GENERATE_INFOPLIST_FILE = YES;
				INFOPLIST_FILE = "News-Snap/Info.plist";
				INFOPLIST_KEY_UIApplicationSupportsIndirectInputEvents = YES;
				INFOPLIST_KEY_UILaunchStoryboardName = LaunchScreen;
				INFOPLIST_KEY_UIMainStoryboardFile = Main;
				INFOPLIST_KEY_UISupportedInterfaceOrientations_iPad = "UIInterfaceOrientationPortrait UIInterfaceOrientationPortraitUpsideDown UIInterfaceOrientationLandscapeLeft UIInterfaceOrientationLandscapeRight";
				INFOPLIST_KEY_UISupportedInterfaceOrientations_iPhone = "UIInterfaceOrientationPortrait UIInterfaceOrientationLandscapeLeft UIInterfaceOrientationLandscapeRight";
				LD_RUNPATH_SEARCH_PATHS = (
					"$(inherited)",
					"@executable_path/Frameworks",
				);
				MARKETING_VERSION = 1.0;
				PRODUCT_BUNDLE_IDENTIFIER = "leem-swift.News-Snap";
				PRODUCT_NAME = "$(TARGET_NAME)";
				SWIFT_EMIT_LOC_STRINGS = YES;
				SWIFT_VERSION = 5.0;
				TARGETED_DEVICE_FAMILY = "1,2";
			};
			name = Debug;
		};
		9DEBADF72C465AB900A8C8B4 /* Release */ = {
			isa = XCBuildConfiguration;
			buildSettings = {
				ASSETCATALOG_COMPILER_APPICON_NAME = AppIcon;
				ASSETCATALOG_COMPILER_GLOBAL_ACCENT_COLOR_NAME = AccentColor;
				CODE_SIGN_ENTITLEMENTS = "News-Snap/News-Snap.entitlements";
				CODE_SIGN_STYLE = Automatic;
				CURRENT_PROJECT_VERSION = 1;
				GENERATE_INFOPLIST_FILE = YES;
				INFOPLIST_FILE = "News-Snap/Info.plist";
				INFOPLIST_KEY_UIApplicationSupportsIndirectInputEvents = YES;
				INFOPLIST_KEY_UILaunchStoryboardName = LaunchScreen;
				INFOPLIST_KEY_UIMainStoryboardFile = Main;
				INFOPLIST_KEY_UISupportedInterfaceOrientations_iPad = "UIInterfaceOrientationPortrait UIInterfaceOrientationPortraitUpsideDown UIInterfaceOrientationLandscapeLeft UIInterfaceOrientationLandscapeRight";
				INFOPLIST_KEY_UISupportedInterfaceOrientations_iPhone = "UIInterfaceOrientationPortrait UIInterfaceOrientationLandscapeLeft UIInterfaceOrientationLandscapeRight";
				LD_RUNPATH_SEARCH_PATHS = (
					"$(inherited)",
					"@executable_path/Frameworks",
				);
				MARKETING_VERSION = 1.0;
				PRODUCT_BUNDLE_IDENTIFIER = "leem-swift.News-Snap";
				PRODUCT_NAME = "$(TARGET_NAME)";
				SWIFT_EMIT_LOC_STRINGS = YES;
				SWIFT_VERSION = 5.0;
				TARGETED_DEVICE_FAMILY = "1,2";
			};
			name = Release;
		};
/* End XCBuildConfiguration section */

/* Begin XCConfigurationList section */
		9DEBADDC2C465AB700A8C8B4 /* Build configuration list for PBXProject "News-Snap" */ = {
			isa = XCConfigurationList;
			buildConfigurations = (
				9DEBADF32C465AB900A8C8B4 /* Debug */,
				9DEBADF42C465AB900A8C8B4 /* Release */,
			);
			defaultConfigurationIsVisible = 0;
			defaultConfigurationName = Release;
		};
		9DEBADF52C465AB900A8C8B4 /* Build configuration list for PBXNativeTarget "News-Snap" */ = {
			isa = XCConfigurationList;
			buildConfigurations = (
				9DEBADF62C465AB900A8C8B4 /* Debug */,
				9DEBADF72C465AB900A8C8B4 /* Release */,
			);
			defaultConfigurationIsVisible = 0;
			defaultConfigurationName = Release;
		};
/* End XCConfigurationList section */
	};
	rootObject = 9DEBADD92C465AB700A8C8B4 /* Project object */;
}
